
Microsoft Visual Studio Solution File, Format Version 12.00
# Visual Studio 15
VisualStudioVersion = 15.0.27004.2006
MinimumVisualStudioVersion = 10.0.40219.1
Project("{D954291E-2A0B-460D-934E-DC6B0785DB48}") = "Phoneword", "Phoneword\Phoneword\Phoneword.shproj", "{3A55004A-4302-4CE4-B0BC-8DC26CC73039}"
EndProject
Project("{FAE04EC0-301F-11D3-BF4B-00C04F79EFBC}") = "Phoneword.Android", "Phoneword\Phoneword.Android\Phoneword.Android.csproj", "{5F1117BD-5230-44F8-806B-14D8E61E3AD6}"
EndProject
Project("{FAE04EC0-301F-11D3-BF4B-00C04F79EFBC}") = "Phoneword.iOS", "Phoneword\Phoneword.iOS\Phoneword.iOS.csproj", "{8D3815E1-0CF2-42E0-AB9E-C82950ADB11F}"
EndProject
Project("{FAE04EC0-301F-11D3-BF4B-00C04F79EFBC}") = "Phoneword.UWP", "Phoneword\Phoneword.UWP\Phoneword.UWP.csproj", "{8DC9BE16-72F5-4944-BE3F-FED9BF4624BE}"
EndProject
Global
	GlobalSection(SharedMSBuildProjectFiles) = preSolution
		Phoneword\Phoneword\Phoneword.projitems*{3a55004a-4302-4ce4-b0bc-8dc26cc73039}*SharedItemsImports = 13
		Phoneword\Phoneword\Phoneword.projitems*{5f1117bd-5230-44f8-806b-14d8e61e3ad6}*SharedItemsImports = 4
		Phoneword\Phoneword\Phoneword.projitems*{8d3815e1-0cf2-42e0-ab9e-c82950adb11f}*SharedItemsImports = 4
		Phoneword\Phoneword\Phoneword.projitems*{8dc9be16-72f5-4944-be3f-fed9bf4624be}*SharedItemsImports = 4
	EndGlobalSection
	GlobalSection(SolutionConfigurationPlatforms) = preSolution
		Ad-Hoc|Any CPU = Ad-Hoc|Any CPU
		Ad-Hoc|ARM = Ad-Hoc|ARM
		Ad-Hoc|iPhone = Ad-Hoc|iPhone
		Ad-Hoc|iPhoneSimulator = Ad-Hoc|iPhoneSimulator
		Ad-Hoc|x64 = Ad-Hoc|x64
		Ad-Hoc|x86 = Ad-Hoc|x86
		AppStore|Any CPU = AppStore|Any CPU
		AppStore|ARM = AppStore|ARM
		AppStore|iPhone = AppStore|iPhone
		AppStore|iPhoneSimulator = AppStore|iPhoneSimulator
		AppStore|x64 = AppStore|x64
		AppStore|x86 = AppStore|x86
		Debug|Any CPU = Debug|Any CPU
		Debug|ARM = Debug|ARM
		Debug|iPhone = Debug|iPhone
		Debug|iPhoneSimulator = Debug|iPhoneSimulator
		Debug|x64 = Debug|x64
		Debug|x86 = Debug|x86
		Release|Any CPU = Release|Any CPU
		Release|ARM = Release|ARM
		Release|iPhone = Release|iPhone
		Release|iPhoneSimulator = Release|iPhoneSimulator
		Release|x64 = Release|x64
		Release|x86 = Release|x86
	EndGlobalSection
	GlobalSection(ProjectConfigurationPlatforms) = postSolution
		{5F1117BD-5230-44F8-806B-14D8E61E3AD6}.Ad-Hoc|Any CPU.ActiveCfg = Release|Any CPU
		{5F1117BD-5230-44F8-806B-14D8E61E3AD6}.Ad-Hoc|Any CPU.Build.0 = Release|Any CPU
		{5F1117BD-5230-44F8-806B-14D8E61E3AD6}.Ad-Hoc|Any CPU.Deploy.0 = Release|Any CPU
		{5F1117BD-5230-44F8-806B-14D8E61E3AD6}.Ad-Hoc|ARM.ActiveCfg = Release|Any CPU
		{5F1117BD-5230-44F8-806B-14D8E61E3AD6}.Ad-Hoc|ARM.Build.0 = Release|Any CPU
		{5F1117BD-5230-44F8-806B-14D8E61E3AD6}.Ad-Hoc|ARM.Deploy.0 = Release|Any CPU
		{5F1117BD-5230-44F8-806B-14D8E61E3AD6}.Ad-Hoc|iPhone.ActiveCfg = Release|Any CPU
		{5F1117BD-5230-44F8-806B-14D8E61E3AD6}.Ad-Hoc|iPhone.Build.0 = Release|Any CPU
		{5F1117BD-5230-44F8-806B-14D8E61E3AD6}.Ad-Hoc|iPhone.Deploy.0 = Release|Any CPU
		{5F1117BD-5230-44F8-806B-14D8E61E3AD6}.Ad-Hoc|iPhoneSimulator.ActiveCfg = Release|Any CPU
		{5F1117BD-5230-44F8-806B-14D8E61E3AD6}.Ad-Hoc|iPhoneSimulator.Build.0 = Release|Any CPU
		{5F1117BD-5230-44F8-806B-14D8E61E3AD6}.Ad-Hoc|iPhoneSimulator.Deploy.0 = Release|Any CPU
		{5F1117BD-5230-44F8-806B-14D8E61E3AD6}.Ad-Hoc|x64.ActiveCfg = Release|Any CPU
		{5F1117BD-5230-44F8-806B-14D8E61E3AD6}.Ad-Hoc|x64.Build.0 = Release|Any CPU
		{5F1117BD-5230-44F8-806B-14D8E61E3AD6}.Ad-Hoc|x64.Deploy.0 = Release|Any CPU
		{5F1117BD-5230-44F8-806B-14D8E61E3AD6}.Ad-Hoc|x86.ActiveCfg = Release|Any CPU
		{5F1117BD-5230-44F8-806B-14D8E61E3AD6}.Ad-Hoc|x86.Build.0 = Release|Any CPU
		{5F1117BD-5230-44F8-806B-14D8E61E3AD6}.Ad-Hoc|x86.Deploy.0 = Release|Any CPU
		{5F1117BD-5230-44F8-806B-14D8E61E3AD6}.AppStore|Any CPU.ActiveCfg = Release|Any CPU
		{5F1117BD-5230-44F8-806B-14D8E61E3AD6}.AppStore|Any CPU.Build.0 = Release|Any CPU
		{5F1117BD-5230-44F8-806B-14D8E61E3AD6}.AppStore|Any CPU.Deploy.0 = Release|Any CPU
		{5F1117BD-5230-44F8-806B-14D8E61E3AD6}.AppStore|ARM.ActiveCfg = Release|Any CPU
		{5F1117BD-5230-44F8-806B-14D8E61E3AD6}.AppStore|ARM.Build.0 = Release|Any CPU
		{5F1117BD-5230-44F8-806B-14D8E61E3AD6}.AppStore|ARM.Deploy.0 = Release|Any CPU
		{5F1117BD-5230-44F8-806B-14D8E61E3AD6}.AppStore|iPhone.ActiveCfg = Release|Any CPU
		{5F1117BD-5230-44F8-806B-14D8E61E3AD6}.AppStore|iPhone.Build.0 = Release|Any CPU
		{5F1117BD-5230-44F8-806B-14D8E61E3AD6}.AppStore|iPhone.Deploy.0 = Release|Any CPU
		{5F1117BD-5230-44F8-806B-14D8E61E3AD6}.AppStore|iPhoneSimulator.ActiveCfg = Release|Any CPU
		{5F1117BD-5230-44F8-806B-14D8E61E3AD6}.AppStore|iPhoneSimulator.Build.0 = Release|Any CPU
		{5F1117BD-5230-44F8-806B-14D8E61E3AD6}.AppStore|iPhoneSimulator.Deploy.0 = Release|Any CPU
		{5F1117BD-5230-44F8-806B-14D8E61E3AD6}.AppStore|x64.ActiveCfg = Release|Any CPU
		{5F1117BD-5230-44F8-806B-14D8E61E3AD6}.AppStore|x64.Build.0 = Release|Any CPU
		{5F1117BD-5230-44F8-806B-14D8E61E3AD6}.AppStore|x64.Deploy.0 = Release|Any CPU
		{5F1117BD-5230-44F8-806B-14D8E61E3AD6}.AppStore|x86.ActiveCfg = Release|Any CPU
		{5F1117BD-5230-44F8-806B-14D8E61E3AD6}.AppStore|x86.Build.0 = Release|Any CPU
		{5F1117BD-5230-44F8-806B-14D8E61E3AD6}.AppStore|x86.Deploy.0 = Release|Any CPU
		{5F1117BD-5230-44F8-806B-14D8E61E3AD6}.Debug|Any CPU.ActiveCfg = Debug|Any CPU
		{5F1117BD-5230-44F8-806B-14D8E61E3AD6}.Debug|Any CPU.Build.0 = Debug|Any CPU
		{5F1117BD-5230-44F8-806B-14D8E61E3AD6}.Debug|Any CPU.Deploy.0 = Debug|Any CPU
		{5F1117BD-5230-44F8-806B-14D8E61E3AD6}.Debug|ARM.ActiveCfg = Debug|Any CPU
		{5F1117BD-5230-44F8-806B-14D8E61E3AD6}.Debug|ARM.Build.0 = Debug|Any CPU
		{5F1117BD-5230-44F8-806B-14D8E61E3AD6}.Debug|ARM.Deploy.0 = Debug|Any CPU
		{5F1117BD-5230-44F8-806B-14D8E61E3AD6}.Debug|iPhone.ActiveCfg = Debug|Any CPU
		{5F1117BD-5230-44F8-806B-14D8E61E3AD6}.Debug|iPhone.Build.0 = Debug|Any CPU
		{5F1117BD-5230-44F8-806B-14D8E61E3AD6}.Debug|iPhone.Deploy.0 = Debug|Any CPU
		{5F1117BD-5230-44F8-806B-14D8E61E3AD6}.Debug|iPhoneSimulator.ActiveCfg = Debug|Any CPU
		{5F1117BD-5230-44F8-806B-14D8E61E3AD6}.Debug|iPhoneSimulator.Build.0 = Debug|Any CPU
		{5F1117BD-5230-44F8-806B-14D8E61E3AD6}.Debug|iPhoneSimulator.Deploy.0 = Debug|Any CPU
		{5F1117BD-5230-44F8-806B-14D8E61E3AD6}.Debug|x64.ActiveCfg = Debug|Any CPU
		{5F1117BD-5230-44F8-806B-14D8E61E3AD6}.Debug|x64.Build.0 = Debug|Any CPU
		{5F1117BD-5230-44F8-806B-14D8E61E3AD6}.Debug|x64.Deploy.0 = Debug|Any CPU
		{5F1117BD-5230-44F8-806B-14D8E61E3AD6}.Debug|x86.ActiveCfg = Debug|Any CPU
		{5F1117BD-5230-44F8-806B-14D8E61E3AD6}.Debug|x86.Build.0 = Debug|Any CPU
		{5F1117BD-5230-44F8-806B-14D8E61E3AD6}.Debug|x86.Deploy.0 = Debug|Any CPU
		{5F1117BD-5230-44F8-806B-14D8E61E3AD6}.Release|Any CPU.ActiveCfg = Release|Any CPU
		{5F1117BD-5230-44F8-806B-14D8E61E3AD6}.Release|Any CPU.Build.0 = Release|Any CPU
		{5F1117BD-5230-44F8-806B-14D8E61E3AD6}.Release|Any CPU.Deploy.0 = Release|Any CPU
		{5F1117BD-5230-44F8-806B-14D8E61E3AD6}.Release|ARM.ActiveCfg = Release|Any CPU
		{5F1117BD-5230-44F8-806B-14D8E61E3AD6}.Release|ARM.Build.0 = Release|Any CPU
		{5F1117BD-5230-44F8-806B-14D8E61E3AD6}.Release|ARM.Deploy.0 = Release|Any CPU
		{5F1117BD-5230-44F8-806B-14D8E61E3AD6}.Release|iPhone.ActiveCfg = Release|Any CPU
		{5F1117BD-5230-44F8-806B-14D8E61E3AD6}.Release|iPhone.Build.0 = Release|Any CPU
		{5F1117BD-5230-44F8-806B-14D8E61E3AD6}.Release|iPhone.Deploy.0 = Release|Any CPU
		{5F1117BD-5230-44F8-806B-14D8E61E3AD6}.Release|iPhoneSimulator.ActiveCfg = Release|Any CPU
		{5F1117BD-5230-44F8-806B-14D8E61E3AD6}.Release|iPhoneSimulator.Build.0 = Release|Any CPU
		{5F1117BD-5230-44F8-806B-14D8E61E3AD6}.Release|iPhoneSimulator.Deploy.0 = Release|Any CPU
		{5F1117BD-5230-44F8-806B-14D8E61E3AD6}.Release|x64.ActiveCfg = Release|Any CPU
		{5F1117BD-5230-44F8-806B-14D8E61E3AD6}.Release|x64.Build.0 = Release|Any CPU
		{5F1117BD-5230-44F8-806B-14D8E61E3AD6}.Release|x64.Deploy.0 = Release|Any CPU
		{5F1117BD-5230-44F8-806B-14D8E61E3AD6}.Release|x86.ActiveCfg = Release|Any CPU
		{5F1117BD-5230-44F8-806B-14D8E61E3AD6}.Release|x86.Build.0 = Release|Any CPU
		{5F1117BD-5230-44F8-806B-14D8E61E3AD6}.Release|x86.Deploy.0 = Release|Any CPU
		{8D3815E1-0CF2-42E0-AB9E-C82950ADB11F}.Ad-Hoc|Any CPU.ActiveCfg = Ad-Hoc|iPhoneSimulator
		{8D3815E1-0CF2-42E0-AB9E-C82950ADB11F}.Ad-Hoc|ARM.ActiveCfg = Ad-Hoc|iPhone
		{8D3815E1-0CF2-42E0-AB9E-C82950ADB11F}.Ad-Hoc|iPhone.ActiveCfg = Ad-Hoc|iPhone
		{8D3815E1-0CF2-42E0-AB9E-C82950ADB11F}.Ad-Hoc|iPhone.Build.0 = Ad-Hoc|iPhone
		{8D3815E1-0CF2-42E0-AB9E-C82950ADB11F}.Ad-Hoc|iPhoneSimulator.ActiveCfg = Ad-Hoc|iPhoneSimulator
		{8D3815E1-0CF2-42E0-AB9E-C82950ADB11F}.Ad-Hoc|iPhoneSimulator.Build.0 = Ad-Hoc|iPhoneSimulator
		{8D3815E1-0CF2-42E0-AB9E-C82950ADB11F}.Ad-Hoc|x64.ActiveCfg = Ad-Hoc|iPhone
		{8D3815E1-0CF2-42E0-AB9E-C82950ADB11F}.Ad-Hoc|x86.ActiveCfg = Ad-Hoc|iPhone
		{8D3815E1-0CF2-42E0-AB9E-C82950ADB11F}.AppStore|Any CPU.ActiveCfg = AppStore|iPhoneSimulator
		{8D3815E1-0CF2-42E0-AB9E-C82950ADB11F}.AppStore|ARM.ActiveCfg = AppStore|iPhone
		{8D3815E1-0CF2-42E0-AB9E-C82950ADB11F}.AppStore|iPhone.ActiveCfg = AppStore|iPhone
		{8D3815E1-0CF2-42E0-AB9E-C82950ADB11F}.AppStore|iPhone.Build.0 = AppStore|iPhone
		{8D3815E1-0CF2-42E0-AB9E-C82950ADB11F}.AppStore|iPhoneSimulator.ActiveCfg = AppStore|iPhoneSimulator
		{8D3815E1-0CF2-42E0-AB9E-C82950ADB11F}.AppStore|iPhoneSimulator.Build.0 = AppStore|iPhoneSimulator
		{8D3815E1-0CF2-42E0-AB9E-C82950ADB11F}.AppStore|x64.ActiveCfg = AppStore|iPhone
		{8D3815E1-0CF2-42E0-AB9E-C82950ADB11F}.AppStore|x86.ActiveCfg = AppStore|iPhone
		{8D3815E1-0CF2-42E0-AB9E-C82950ADB11F}.Debug|Any CPU.ActiveCfg = Debug|iPhoneSimulator
		{8D3815E1-0CF2-42E0-AB9E-C82950ADB11F}.Debug|ARM.ActiveCfg = Debug|iPhone
		{8D3815E1-0CF2-42E0-AB9E-C82950ADB11F}.Debug|iPhone.ActiveCfg = Debug|iPhone
		{8D3815E1-0CF2-42E0-AB9E-C82950ADB11F}.Debug|iPhone.Build.0 = Debug|iPhone
		{8D3815E1-0CF2-42E0-AB9E-C82950ADB11F}.Debug|iPhoneSimulator.ActiveCfg = Debug|iPhoneSimulator
		{8D3815E1-0CF2-42E0-AB9E-C82950ADB11F}.Debug|iPhoneSimulator.Build.0 = Debug|iPhoneSimulator
		{8D3815E1-0CF2-42E0-AB9E-C82950ADB11F}.Debug|x64.ActiveCfg = Debug|iPhone
		{8D3815E1-0CF2-42E0-AB9E-C82950ADB11F}.Debug|x86.ActiveCfg = Debug|iPhone
		{8D3815E1-0CF2-42E0-AB9E-C82950ADB11F}.Release|Any CPU.ActiveCfg = Release|iPhoneSimulator
		{8D3815E1-0CF2-42E0-AB9E-C82950ADB11F}.Release|ARM.ActiveCfg = Release|iPhone
		{8D3815E1-0CF2-42E0-AB9E-C82950ADB11F}.Release|iPhone.ActiveCfg = Release|iPhone
		{8D3815E1-0CF2-42E0-AB9E-C82950ADB11F}.Release|iPhone.Build.0 = Release|iPhone
		{8D3815E1-0CF2-42E0-AB9E-C82950ADB11F}.Release|iPhoneSimulator.ActiveCfg = Release|iPhoneSimulator
		{8D3815E1-0CF2-42E0-AB9E-C82950ADB11F}.Release|iPhoneSimulator.Build.0 = Release|iPhoneSimulator
		{8D3815E1-0CF2-42E0-AB9E-C82950ADB11F}.Release|x64.ActiveCfg = Release|iPhone
		{8D3815E1-0CF2-42E0-AB9E-C82950ADB11F}.Release|x86.ActiveCfg = Release|iPhone
		{8DC9BE16-72F5-4944-BE3F-FED9BF4624BE}.Ad-Hoc|Any CPU.ActiveCfg = Release|x86
		{8DC9BE16-72F5-4944-BE3F-FED9BF4624BE}.Ad-Hoc|Any CPU.Build.0 = Release|x86
		{8DC9BE16-72F5-4944-BE3F-FED9BF4624BE}.Ad-Hoc|Any CPU.Deploy.0 = Release|x86
		{8DC9BE16-72F5-4944-BE3F-FED9BF4624BE}.Ad-Hoc|ARM.ActiveCfg = Release|ARM
		{8DC9BE16-72F5-4944-BE3F-FED9BF4624BE}.Ad-Hoc|ARM.Build.0 = Release|ARM
		{8DC9BE16-72F5-4944-BE3F-FED9BF4624BE}.Ad-Hoc|ARM.Deploy.0 = Release|ARM
		{8DC9BE16-72F5-4944-BE3F-FED9BF4624BE}.Ad-Hoc|iPhone.ActiveCfg = Release|x86
		{8DC9BE16-72F5-4944-BE3F-FED9BF4624BE}.Ad-Hoc|iPhone.Build.0 = Release|x86
		{8DC9BE16-72F5-4944-BE3F-FED9BF4624BE}.Ad-Hoc|iPhone.Deploy.0 = Release|x86
		{8DC9BE16-72F5-4944-BE3F-FED9BF4624BE}.Ad-Hoc|iPhoneSimulator.ActiveCfg = Release|x86
		{8DC9BE16-72F5-4944-BE3F-FED9BF4624BE}.Ad-Hoc|iPhoneSimulator.Build.0 = Release|x86
		{8DC9BE16-72F5-4944-BE3F-FED9BF4624BE}.Ad-Hoc|iPhoneSimulator.Deploy.0 = Release|x86
		{8DC9BE16-72F5-4944-BE3F-FED9BF4624BE}.Ad-Hoc|x64.ActiveCfg = Release|x64
		{8DC9BE16-72F5-4944-BE3F-FED9BF4624BE}.Ad-Hoc|x64.Build.0 = Release|x64
		{8DC9BE16-72F5-4944-BE3F-FED9BF4624BE}.Ad-Hoc|x64.Deploy.0 = Release|x64
		{8DC9BE16-72F5-4944-BE3F-FED9BF4624BE}.Ad-Hoc|x86.ActiveCfg = Release|x86
		{8DC9BE16-72F5-4944-BE3F-FED9BF4624BE}.Ad-Hoc|x86.Build.0 = Release|x86
		{8DC9BE16-72F5-4944-BE3F-FED9BF4624BE}.Ad-Hoc|x86.Deploy.0 = Release|x86
		{8DC9BE16-72F5-4944-BE3F-FED9BF4624BE}.AppStore|Any CPU.ActiveCfg = Release|x86
		{8DC9BE16-72F5-4944-BE3F-FED9BF4624BE}.AppStore|Any CPU.Build.0 = Release|x86
		{8DC9BE16-72F5-4944-BE3F-FED9BF4624BE}.AppStore|Any CPU.Deploy.0 = Release|x86
		{8DC9BE16-72F5-4944-BE3F-FED9BF4624BE}.AppStore|ARM.ActiveCfg = Release|ARM
		{8DC9BE16-72F5-4944-BE3F-FED9BF4624BE}.AppStore|ARM.Build.0 = Release|ARM
		{8DC9BE16-72F5-4944-BE3F-FED9BF4624BE}.AppStore|ARM.Deploy.0 = Release|ARM
		{8DC9BE16-72F5-4944-BE3F-FED9BF4624BE}.AppStore|iPhone.ActiveCfg = Release|x86
		{8DC9BE16-72F5-4944-BE3F-FED9BF4624BE}.AppStore|iPhone.Build.0 = Release|x86
		{8DC9BE16-72F5-4944-BE3F-FED9BF4624BE}.AppStore|iPhone.Deploy.0 = Release|x86
		{8DC9BE16-72F5-4944-BE3F-FED9BF4624BE}.AppStore|iPhoneSimulator.ActiveCfg = Release|x86
		{8DC9BE16-72F5-4944-BE3F-FED9BF4624BE}.AppStore|iPhoneSimulator.Build.0 = Release|x86
		{8DC9BE16-72F5-4944-BE3F-FED9BF4624BE}.AppStore|iPhoneSimulator.Deploy.0 = Release|x86
		{8DC9BE16-72F5-4944-BE3F-FED9BF4624BE}.AppStore|x64.ActiveCfg = Release|x64
		{8DC9BE16-72F5-4944-BE3F-FED9BF4624BE}.AppStore|x64.Build.0 = Release|x64
		{8DC9BE16-72F5-4944-BE3F-FED9BF4624BE}.AppStore|x64.Deploy.0 = Release|x64
		{8DC9BE16-72F5-4944-BE3F-FED9BF4624BE}.AppStore|x86.ActiveCfg = Release|x86
		{8DC9BE16-72F5-4944-BE3F-FED9BF4624BE}.AppStore|x86.Build.0 = Release|x86
		{8DC9BE16-72F5-4944-BE3F-FED9BF4624BE}.AppStore|x86.Deploy.0 = Release|x86
		{8DC9BE16-72F5-4944-BE3F-FED9BF4624BE}.Debug|Any CPU.ActiveCfg = Debug|x86
		{8DC9BE16-72F5-4944-BE3F-FED9BF4624BE}.Debug|ARM.ActiveCfg = Debug|ARM
		{8DC9BE16-72F5-4944-BE3F-FED9BF4624BE}.Debug|ARM.Build.0 = Debug|ARM
		{8DC9BE16-72F5-4944-BE3F-FED9BF4624BE}.Debug|ARM.Deploy.0 = Debug|ARM
		{8DC9BE16-72F5-4944-BE3F-FED9BF4624BE}.Debug|iPhone.ActiveCfg = Debug|x86
		{8DC9BE16-72F5-4944-BE3F-FED9BF4624BE}.Debug|iPhoneSimulator.ActiveCfg = Debug|x86
		{8DC9BE16-72F5-4944-BE3F-FED9BF4624BE}.Debug|x64.ActiveCfg = Debug|x64
		{8DC9BE16-72F5-4944-BE3F-FED9BF4624BE}.Debug|x64.Build.0 = Debug|x64
		{8DC9BE16-72F5-4944-BE3F-FED9BF4624BE}.Debug|x64.Deploy.0 = Debug|x64
		{8DC9BE16-72F5-4944-BE3F-FED9BF4624BE}.Debug|x86.ActiveCfg = Debug|x86
		{8DC9BE16-72F5-4944-BE3F-FED9BF4624BE}.Debug|x86.Build.0 = Debug|x86
		{8DC9BE16-72F5-4944-BE3F-FED9BF4624BE}.Debug|x86.Deploy.0 = Debug|x86
		{8DC9BE16-72F5-4944-BE3F-FED9BF4624BE}.Release|Any CPU.ActiveCfg = Release|x86
		{8DC9BE16-72F5-4944-BE3F-FED9BF4624BE}.Release|ARM.ActiveCfg = Release|ARM
		{8DC9BE16-72F5-4944-BE3F-FED9BF4624BE}.Release|ARM.Build.0 = Release|ARM
		{8DC9BE16-72F5-4944-BE3F-FED9BF4624BE}.Release|ARM.Deploy.0 = Release|ARM
		{8DC9BE16-72F5-4944-BE3F-FED9BF4624BE}.Release|iPhone.ActiveCfg = Release|x86
		{8DC9BE16-72F5-4944-BE3F-FED9BF4624BE}.Release|iPhoneSimulator.ActiveCfg = Release|x86
		{8DC9BE16-72F5-4944-BE3F-FED9BF4624BE}.Release|x64.ActiveCfg = Release|x64
		{8DC9BE16-72F5-4944-BE3F-FED9BF4624BE}.Release|x64.Build.0 = Release|x64
		{8DC9BE16-72F5-4944-BE3F-FED9BF4624BE}.Release|x64.Deploy.0 = Release|x64
		{8DC9BE16-72F5-4944-BE3F-FED9BF4624BE}.Release|x86.ActiveCfg = Release|x86
		{8DC9BE16-72F5-4944-BE3F-FED9BF4624BE}.Release|x86.Build.0 = Release|x86
		{8DC9BE16-72F5-4944-BE3F-FED9BF4624BE}.Release|x86.Deploy.0 = Release|x86
	EndGlobalSection
	GlobalSection(SolutionProperties) = preSolution
		HideSolutionNode = FALSE
	EndGlobalSection
	GlobalSection(ExtensibilityGlobals) = postSolution
		SolutionGuid = {10F7F960-B008-4EC5-A703-70E75AF74F34}
	EndGlobalSection
EndGlobal
